
Microsoft Visual Studio Solution File, Format Version 12.00
# Visual Studio Version 16
VisualStudioVersion = 16.0.31112.23
MinimumVisualStudioVersion = 10.0.40219.1
Project("{FAE04EC0-301F-11D3-BF4B-00C04F79EFBC}") = "TestProject1", "TestProject1.csproj", "{453C13DA-B526-4A2B-9271-857887388F3F}"
EndProject
Global
	GlobalSection(SolutionConfigurationPlatforms) = preSolution
		Debug|Any CPU = Debug|Any CPU
		Release|Any CPU = Release|Any CPU
	EndGlobalSection
	GlobalSection(ProjectConfigurationPlatforms) = postSolution
		{453C13DA-B526-4A2B-9271-857887388F3F}.Debug|Any CPU.ActiveCfg = Debug|Any CPU
		{453C13DA-B526-4A2B-9271-857887388F3F}.Debug|Any CPU.Build.0 = Debug|Any CPU
		{453C13DA-B526-4A2B-9271-857887388F3F}.Release|Any CPU.ActiveCfg = Release|Any CPU
		{453C13DA-B526-4A2B-9271-857887388F3F}.Release|Any CPU.Build.0 = Release|Any CPU
	EndGlobalSection
	GlobalSection(SolutionProperties) = preSolution
		HideSolutionNode = FALSE
	EndGlobalSection
	GlobalSection(ExtensibilityGlobals) = postSolution
		SolutionGuid = {88A74257-200C-4CE9-8D6F-1045A7B3FA76}
	EndGlobalSection
EndGlobal
